
Microsoft Visual Studio Solution File, Format Version 12.00
# Visual Studio Version 16
VisualStudioVersion = 16.0.30330.147
MinimumVisualStudioVersion = 15.0.26124.0
Project("{2150E333-8FDC-42A3-9474-1A3956D46DE8}") = "src", "src", "{569B89E0-74F6-459B-8D7C-608EBE9CE96A}"
EndProject
Project("{2150E333-8FDC-42A3-9474-1A3956D46DE8}") = "test", "test", "{9E5AFA49-9385-40DB-BDE0-121583809DEF}"
EndProject
Project("{9A19103F-16F7-4668-BE54-9A1E7A4F7556}") = "Mmt.Shop.Api", "src\Mmt.Shop.Api\Mmt.Shop.Api.csproj", "{DB014233-B542-4C18-8ADC-007036BEFF5C}"
EndProject
Project("{9A19103F-16F7-4668-BE54-9A1E7A4F7556}") = "Mmt.Shop.Core", "src\Mmt.Shop.Core\Mmt.Shop.Core.csproj", "{BC8ABC37-80D4-46EE-8D27-1076B125D065}"
EndProject
Project("{9A19103F-16F7-4668-BE54-9A1E7A4F7556}") = "Mmt.Shop.Unit.Tests", "test\Mmt.Shop.Unit.Tests\Mmt.Shop.Unit.Tests.csproj", "{357BA75F-ECE2-4F79-9A30-9F3C8680899C}"
EndProject
Project("{9A19103F-16F7-4668-BE54-9A1E7A4F7556}") = "Mmt.Shop.DataAccess.Dapper", "src\Mmt.Shop.DataAccess.Dapper\Mmt.Shop.DataAccess.Dapper.csproj", "{09F51306-1302-430C-B1F1-9D579FF17F00}"
EndProject
Project("{9A19103F-16F7-4668-BE54-9A1E7A4F7556}") = "Mmt.Shop.DataAccess.ScriptRunner", "src\Mmt.Shop.DataAccess.ScriptRunner\Mmt.Shop.DataAccess.ScriptRunner.csproj", "{66B1FCA2-6484-420C-8B5D-C1FF02BA42ED}"
EndProject
Project("{9A19103F-16F7-4668-BE54-9A1E7A4F7556}") = "Mmt.Shop.Console", "src\Mmt.Shop.Console\Mmt.Shop.Console.csproj", "{B08DDC39-D2BC-43A7-BBD4-D160C7481FE1}"
EndProject
Project("{9A19103F-16F7-4668-BE54-9A1E7A4F7556}") = "Mmt.Shop.TestUtil", "test\Mmt.Shop.TestUtil\Mmt.Shop.TestUtil.csproj", "{1B104547-87B6-4F31-8BE5-4A92F985F9D7}"
EndProject
Project("{9A19103F-16F7-4668-BE54-9A1E7A4F7556}") = "Mmt.Shop.DataAccess.Dapper.Unit.Tests", "test\Mmt.Shop.DataAccess.Dapper.Unit.Tests\Mmt.Shop.DataAccess.Dapper.Unit.Tests.csproj", "{9A92077E-BDF5-4FA9-A926-ADB2FDA38AF4}"
EndProject
Global
	GlobalSection(SolutionConfigurationPlatforms) = preSolution
		Debug|Any CPU = Debug|Any CPU
		Debug|x64 = Debug|x64
		Debug|x86 = Debug|x86
		Release|Any CPU = Release|Any CPU
		Release|x64 = Release|x64
		Release|x86 = Release|x86
	EndGlobalSection
	GlobalSection(ProjectConfigurationPlatforms) = postSolution
		{DB014233-B542-4C18-8ADC-007036BEFF5C}.Debug|Any CPU.ActiveCfg = Debug|Any CPU
		{DB014233-B542-4C18-8ADC-007036BEFF5C}.Debug|Any CPU.Build.0 = Debug|Any CPU
		{DB014233-B542-4C18-8ADC-007036BEFF5C}.Debug|x64.ActiveCfg = Debug|Any CPU
		{DB014233-B542-4C18-8ADC-007036BEFF5C}.Debug|x64.Build.0 = Debug|Any CPU
		{DB014233-B542-4C18-8ADC-007036BEFF5C}.Debug|x86.ActiveCfg = Debug|Any CPU
		{DB014233-B542-4C18-8ADC-007036BEFF5C}.Debug|x86.Build.0 = Debug|Any CPU
		{DB014233-B542-4C18-8ADC-007036BEFF5C}.Release|Any CPU.ActiveCfg = Release|Any CPU
		{DB014233-B542-4C18-8ADC-007036BEFF5C}.Release|Any CPU.Build.0 = Release|Any CPU
		{DB014233-B542-4C18-8ADC-007036BEFF5C}.Release|x64.ActiveCfg = Release|Any CPU
		{DB014233-B542-4C18-8ADC-007036BEFF5C}.Release|x64.Build.0 = Release|Any CPU
		{DB014233-B542-4C18-8ADC-007036BEFF5C}.Release|x86.ActiveCfg = Release|Any CPU
		{DB014233-B542-4C18-8ADC-007036BEFF5C}.Release|x86.Build.0 = Release|Any CPU
		{BC8ABC37-80D4-46EE-8D27-1076B125D065}.Debug|Any CPU.ActiveCfg = Debug|Any CPU
		{BC8ABC37-80D4-46EE-8D27-1076B125D065}.Debug|Any CPU.Build.0 = Debug|Any CPU
		{BC8ABC37-80D4-46EE-8D27-1076B125D065}.Debug|x64.ActiveCfg = Debug|Any CPU
		{BC8ABC37-80D4-46EE-8D27-1076B125D065}.Debug|x64.Build.0 = Debug|Any CPU
		{BC8ABC37-80D4-46EE-8D27-1076B125D065}.Debug|x86.ActiveCfg = Debug|Any CPU
		{BC8ABC37-80D4-46EE-8D27-1076B125D065}.Debug|x86.Build.0 = Debug|Any CPU
		{BC8ABC37-80D4-46EE-8D27-1076B125D065}.Release|Any CPU.ActiveCfg = Release|Any CPU
		{BC8ABC37-80D4-46EE-8D27-1076B125D065}.Release|Any CPU.Build.0 = Release|Any CPU
		{BC8ABC37-80D4-46EE-8D27-1076B125D065}.Release|x64.ActiveCfg = Release|Any CPU
		{BC8ABC37-80D4-46EE-8D27-1076B125D065}.Release|x64.Build.0 = Release|Any CPU
		{BC8ABC37-80D4-46EE-8D27-1076B125D065}.Release|x86.ActiveCfg = Release|Any CPU
		{BC8ABC37-80D4-46EE-8D27-1076B125D065}.Release|x86.Build.0 = Release|Any CPU
		{357BA75F-ECE2-4F79-9A30-9F3C8680899C}.Debug|Any CPU.ActiveCfg = Debug|Any CPU
		{357BA75F-ECE2-4F79-9A30-9F3C8680899C}.Debug|Any CPU.Build.0 = Debug|Any CPU
		{357BA75F-ECE2-4F79-9A30-9F3C8680899C}.Debug|x64.ActiveCfg = Debug|Any CPU
		{357BA75F-ECE2-4F79-9A30-9F3C8680899C}.Debug|x64.Build.0 = Debug|Any CPU
		{357BA75F-ECE2-4F79-9A30-9F3C8680899C}.Debug|x86.ActiveCfg = Debug|Any CPU
		{357BA75F-ECE2-4F79-9A30-9F3C8680899C}.Debug|x86.Build.0 = Debug|Any CPU
		{357BA75F-ECE2-4F79-9A30-9F3C8680899C}.Release|Any CPU.ActiveCfg = Release|Any CPU
		{357BA75F-ECE2-4F79-9A30-9F3C8680899C}.Release|Any CPU.Build.0 = Release|Any CPU
		{357BA75F-ECE2-4F79-9A30-9F3C8680899C}.Release|x64.ActiveCfg = Release|Any CPU
		{357BA75F-ECE2-4F79-9A30-9F3C8680899C}.Release|x64.Build.0 = Release|Any CPU
		{357BA75F-ECE2-4F79-9A30-9F3C8680899C}.Release|x86.ActiveCfg = Release|Any CPU
		{357BA75F-ECE2-4F79-9A30-9F3C8680899C}.Release|x86.Build.0 = Release|Any CPU
		{09F51306-1302-430C-B1F1-9D579FF17F00}.Debug|Any CPU.ActiveCfg = Debug|Any CPU
		{09F51306-1302-430C-B1F1-9D579FF17F00}.Debug|Any CPU.Build.0 = Debug|Any CPU
		{09F51306-1302-430C-B1F1-9D579FF17F00}.Debug|x64.ActiveCfg = Debug|Any CPU
		{09F51306-1302-430C-B1F1-9D579FF17F00}.Debug|x64.Build.0 = Debug|Any CPU
		{09F51306-1302-430C-B1F1-9D579FF17F00}.Debug|x86.ActiveCfg = Debug|Any CPU
		{09F51306-1302-430C-B1F1-9D579FF17F00}.Debug|x86.Build.0 = Debug|Any CPU
		{09F51306-1302-430C-B1F1-9D579FF17F00}.Release|Any CPU.ActiveCfg = Release|Any CPU
		{09F51306-1302-430C-B1F1-9D579FF17F00}.Release|Any CPU.Build.0 = Release|Any CPU
		{09F51306-1302-430C-B1F1-9D579FF17F00}.Release|x64.ActiveCfg = Release|Any CPU
		{09F51306-1302-430C-B1F1-9D579FF17F00}.Release|x64.Build.0 = Release|Any CPU
		{09F51306-1302-430C-B1F1-9D579FF17F00}.Release|x86.ActiveCfg = Release|Any CPU
		{09F51306-1302-430C-B1F1-9D579FF17F00}.Release|x86.Build.0 = Release|Any CPU
		{66B1FCA2-6484-420C-8B5D-C1FF02BA42ED}.Debug|Any CPU.ActiveCfg = Debug|Any CPU
		{66B1FCA2-6484-420C-8B5D-C1FF02BA42ED}.Debug|Any CPU.Build.0 = Debug|Any CPU
		{66B1FCA2-6484-420C-8B5D-C1FF02BA42ED}.Debug|x64.ActiveCfg = Debug|Any CPU
		{66B1FCA2-6484-420C-8B5D-C1FF02BA42ED}.Debug|x64.Build.0 = Debug|Any CPU
		{66B1FCA2-6484-420C-8B5D-C1FF02BA42ED}.Debug|x86.ActiveCfg = Debug|Any CPU
		{66B1FCA2-6484-420C-8B5D-C1FF02BA42ED}.Debug|x86.Build.0 = Debug|Any CPU
		{66B1FCA2-6484-420C-8B5D-C1FF02BA42ED}.Release|Any CPU.ActiveCfg = Release|Any CPU
		{66B1FCA2-6484-420C-8B5D-C1FF02BA42ED}.Release|Any CPU.Build.0 = Release|Any CPU
		{66B1FCA2-6484-420C-8B5D-C1FF02BA42ED}.Release|x64.ActiveCfg = Release|Any CPU
		{66B1FCA2-6484-420C-8B5D-C1FF02BA42ED}.Release|x64.Build.0 = Release|Any CPU
		{66B1FCA2-6484-420C-8B5D-C1FF02BA42ED}.Release|x86.ActiveCfg = Release|Any CPU
		{66B1FCA2-6484-420C-8B5D-C1FF02BA42ED}.Release|x86.Build.0 = Release|Any CPU
		{B08DDC39-D2BC-43A7-BBD4-D160C7481FE1}.Debug|Any CPU.ActiveCfg = Debug|Any CPU
		{B08DDC39-D2BC-43A7-BBD4-D160C7481FE1}.Debug|Any CPU.Build.0 = Debug|Any CPU
		{B08DDC39-D2BC-43A7-BBD4-D160C7481FE1}.Debug|x64.ActiveCfg = Debug|Any CPU
		{B08DDC39-D2BC-43A7-BBD4-D160C7481FE1}.Debug|x64.Build.0 = Debug|Any CPU
		{B08DDC39-D2BC-43A7-BBD4-D160C7481FE1}.Debug|x86.ActiveCfg = Debug|Any CPU
		{B08DDC39-D2BC-43A7-BBD4-D160C7481FE1}.Debug|x86.Build.0 = Debug|Any CPU
		{B08DDC39-D2BC-43A7-BBD4-D160C7481FE1}.Release|Any CPU.ActiveCfg = Release|Any CPU
		{B08DDC39-D2BC-43A7-BBD4-D160C7481FE1}.Release|Any CPU.Build.0 = Release|Any CPU
		{B08DDC39-D2BC-43A7-BBD4-D160C7481FE1}.Release|x64.ActiveCfg = Release|Any CPU
		{B08DDC39-D2BC-43A7-BBD4-D160C7481FE1}.Release|x64.Build.0 = Release|Any CPU
		{B08DDC39-D2BC-43A7-BBD4-D160C7481FE1}.Release|x86.ActiveCfg = Release|Any CPU
		{B08DDC39-D2BC-43A7-BBD4-D160C7481FE1}.Release|x86.Build.0 = Release|Any CPU
		{1B104547-87B6-4F31-8BE5-4A92F985F9D7}.Debug|Any CPU.ActiveCfg = Debug|Any CPU
		{1B104547-87B6-4F31-8BE5-4A92F985F9D7}.Debug|Any CPU.Build.0 = Debug|Any CPU
		{1B104547-87B6-4F31-8BE5-4A92F985F9D7}.Debug|x64.ActiveCfg = Debug|Any CPU
		{1B104547-87B6-4F31-8BE5-4A92F985F9D7}.Debug|x64.Build.0 = Debug|Any CPU
		{1B104547-87B6-4F31-8BE5-4A92F985F9D7}.Debug|x86.ActiveCfg = Debug|Any CPU
		{1B104547-87B6-4F31-8BE5-4A92F985F9D7}.Debug|x86.Build.0 = Debug|Any CPU
		{1B104547-87B6-4F31-8BE5-4A92F985F9D7}.Release|Any CPU.ActiveCfg = Release|Any CPU
		{1B104547-87B6-4F31-8BE5-4A92F985F9D7}.Release|Any CPU.Build.0 = Release|Any CPU
		{1B104547-87B6-4F31-8BE5-4A92F985F9D7}.Release|x64.ActiveCfg = Release|Any CPU
		{1B104547-87B6-4F31-8BE5-4A92F985F9D7}.Release|x64.Build.0 = Release|Any CPU
		{1B104547-87B6-4F31-8BE5-4A92F985F9D7}.Release|x86.ActiveCfg = Release|Any CPU
		{1B104547-87B6-4F31-8BE5-4A92F985F9D7}.Release|x86.Build.0 = Release|Any CPU
		{9A92077E-BDF5-4FA9-A926-ADB2FDA38AF4}.Debug|Any CPU.ActiveCfg = Debug|Any CPU
		{9A92077E-BDF5-4FA9-A926-ADB2FDA38AF4}.Debug|Any CPU.Build.0 = Debug|Any CPU
		{9A92077E-BDF5-4FA9-A926-ADB2FDA38AF4}.Debug|x64.ActiveCfg = Debug|Any CPU
		{9A92077E-BDF5-4FA9-A926-ADB2FDA38AF4}.Debug|x64.Build.0 = Debug|Any CPU
		{9A92077E-BDF5-4FA9-A926-ADB2FDA38AF4}.Debug|x86.ActiveCfg = Debug|Any CPU
		{9A92077E-BDF5-4FA9-A926-ADB2FDA38AF4}.Debug|x86.Build.0 = Debug|Any CPU
		{9A92077E-BDF5-4FA9-A926-ADB2FDA38AF4}.Release|Any CPU.ActiveCfg = Release|Any CPU
		{9A92077E-BDF5-4FA9-A926-ADB2FDA38AF4}.Release|Any CPU.Build.0 = Release|Any CPU
		{9A92077E-BDF5-4FA9-A926-ADB2FDA38AF4}.Release|x64.ActiveCfg = Release|Any CPU
		{9A92077E-BDF5-4FA9-A926-ADB2FDA38AF4}.Release|x64.Build.0 = Release|Any CPU
		{9A92077E-BDF5-4FA9-A926-ADB2FDA38AF4}.Release|x86.ActiveCfg = Release|Any CPU
		{9A92077E-BDF5-4FA9-A926-ADB2FDA38AF4}.Release|x86.Build.0 = Release|Any CPU
	EndGlobalSection
	GlobalSection(SolutionProperties) = preSolution
		HideSolutionNode = FALSE
	EndGlobalSection
	GlobalSection(NestedProjects) = preSolution
		{DB014233-B542-4C18-8ADC-007036BEFF5C} = {569B89E0-74F6-459B-8D7C-608EBE9CE96A}
		{BC8ABC37-80D4-46EE-8D27-1076B125D065} = {569B89E0-74F6-459B-8D7C-608EBE9CE96A}
		{357BA75F-ECE2-4F79-9A30-9F3C8680899C} = {9E5AFA49-9385-40DB-BDE0-121583809DEF}
		{09F51306-1302-430C-B1F1-9D579FF17F00} = {569B89E0-74F6-459B-8D7C-608EBE9CE96A}
		{66B1FCA2-6484-420C-8B5D-C1FF02BA42ED} = {569B89E0-74F6-459B-8D7C-608EBE9CE96A}
		{B08DDC39-D2BC-43A7-BBD4-D160C7481FE1} = {569B89E0-74F6-459B-8D7C-608EBE9CE96A}
		{1B104547-87B6-4F31-8BE5-4A92F985F9D7} = {9E5AFA49-9385-40DB-BDE0-121583809DEF}
		{9A92077E-BDF5-4FA9-A926-ADB2FDA38AF4} = {9E5AFA49-9385-40DB-BDE0-121583809DEF}
	EndGlobalSection
	GlobalSection(ExtensibilityGlobals) = postSolution
		SolutionGuid = {5312DDCF-06F5-44A2-B236-C7AAB8C6106A}
	EndGlobalSection
EndGlobal
